
Microsoft Visual Studio Solution File, Format Version 12.00
# Visual Studio Version 16
VisualStudioVersion = 16.0.29613.14
MinimumVisualStudioVersion = 10.0.40219.1
Project("{FAE04EC0-301F-11D3-BF4B-00C04F79EFBC}") = "Системний аналіз таск 3", "Системний аналіз таск 3\Системний аналіз таск 3.csproj", "{87B4CA92-A181-46C2-BDCC-484E4E3A6C16}"
EndProject
Global
	GlobalSection(SolutionConfigurationPlatforms) = preSolution
		Debug|Any CPU = Debug|Any CPU
		Release|Any CPU = Release|Any CPU
	EndGlobalSection
	GlobalSection(ProjectConfigurationPlatforms) = postSolution
		{87B4CA92-A181-46C2-BDCC-484E4E3A6C16}.Debug|Any CPU.ActiveCfg = Debug|Any CPU
		{87B4CA92-A181-46C2-BDCC-484E4E3A6C16}.Debug|Any CPU.Build.0 = Debug|Any CPU
		{87B4CA92-A181-46C2-BDCC-484E4E3A6C16}.Release|Any CPU.ActiveCfg = Release|Any CPU
		{87B4CA92-A181-46C2-BDCC-484E4E3A6C16}.Release|Any CPU.Build.0 = Release|Any CPU
	EndGlobalSection
	GlobalSection(SolutionProperties) = preSolution
		HideSolutionNode = FALSE
	EndGlobalSection
	GlobalSection(ExtensibilityGlobals) = postSolution
		SolutionGuid = {58368012-3893-4683-8A61-6FA79A889794}
	EndGlobalSection
EndGlobal
